
Microsoft Visual Studio Solution File, Format Version 12.00
# Visual Studio Version 17
VisualStudioVersion = 17.7.34024.191
MinimumVisualStudioVersion = 10.0.40219.1
Project("{FAE04EC0-301F-11D3-BF4B-00C04F79EFBC}") = "Lista1ATP", "Lista1ATP\Lista1ATP.csproj", "{B3B16727-2BA4-4DC1-AE84-DC364E507EB9}"
EndProject
Global
	GlobalSection(SolutionConfigurationPlatforms) = preSolution
		Debug|Any CPU = Debug|Any CPU
		Release|Any CPU = Release|Any CPU
	EndGlobalSection
	GlobalSection(ProjectConfigurationPlatforms) = postSolution
		{B3B16727-2BA4-4DC1-AE84-DC364E507EB9}.Debug|Any CPU.ActiveCfg = Debug|Any CPU
		{B3B16727-2BA4-4DC1-AE84-DC364E507EB9}.Debug|Any CPU.Build.0 = Debug|Any CPU
		{B3B16727-2BA4-4DC1-AE84-DC364E507EB9}.Release|Any CPU.ActiveCfg = Release|Any CPU
		{B3B16727-2BA4-4DC1-AE84-DC364E507EB9}.Release|Any CPU.Build.0 = Release|Any CPU
	EndGlobalSection
	GlobalSection(SolutionProperties) = preSolution
		HideSolutionNode = FALSE
	EndGlobalSection
	GlobalSection(ExtensibilityGlobals) = postSolution
		SolutionGuid = {045B40B1-05B2-491B-8055-506101BD9777}
	EndGlobalSection
EndGlobal
